
Microsoft Visual Studio Solution File, Format Version 12.00
# Visual Studio Version 17
VisualStudioVersion = 17.6.33815.320
MinimumVisualStudioVersion = 10.0.40219.1
Project("{FAE04EC0-301F-11D3-BF4B-00C04F79EFBC}") = "QuanLyShopQuanAo", "QuanLyShopQuanAo\QuanLyShopQuanAo.csproj", "{EBC99581-BEE9-4129-AF31-2E345CDAEEAB}"
EndProject
Global
	GlobalSection(SolutionConfigurationPlatforms) = preSolution
		Debug|Any CPU = Debug|Any CPU
		Release|Any CPU = Release|Any CPU
	EndGlobalSection
	GlobalSection(ProjectConfigurationPlatforms) = postSolution
		{EBC99581-BEE9-4129-AF31-2E345CDAEEAB}.Debug|Any CPU.ActiveCfg = Debug|Any CPU
		{EBC99581-BEE9-4129-AF31-2E345CDAEEAB}.Debug|Any CPU.Build.0 = Debug|Any CPU
		{EBC99581-BEE9-4129-AF31-2E345CDAEEAB}.Release|Any CPU.ActiveCfg = Release|Any CPU
		{EBC99581-BEE9-4129-AF31-2E345CDAEEAB}.Release|Any CPU.Build.0 = Release|Any CPU
	EndGlobalSection
	GlobalSection(SolutionProperties) = preSolution
		HideSolutionNode = FALSE
	EndGlobalSection
	GlobalSection(ExtensibilityGlobals) = postSolution
		SolutionGuid = {8285E6A8-5C0E-494D-A2DD-E4BD08FE50F2}
	EndGlobalSection
EndGlobal
